
Microsoft Visual Studio Solution File, Format Version 12.00
# Visual Studio Version 17
VisualStudioVersion = 17.11.35312.102
MinimumVisualStudioVersion = 10.0.40219.1
Project("{FAE04EC0-301F-11D3-BF4B-00C04F79EFBC}") = "EsAlgoritmi", "EsAlgoritmi\EsAlgoritmi.csproj", "{B595BA2F-A930-4C81-8597-63A5205040E2}"
EndProject
Global
	GlobalSection(SolutionConfigurationPlatforms) = preSolution
		Debug|Any CPU = Debug|Any CPU
		Release|Any CPU = Release|Any CPU
	EndGlobalSection
	GlobalSection(ProjectConfigurationPlatforms) = postSolution
		{B595BA2F-A930-4C81-8597-63A5205040E2}.Debug|Any CPU.ActiveCfg = Debug|Any CPU
		{B595BA2F-A930-4C81-8597-63A5205040E2}.Debug|Any CPU.Build.0 = Debug|Any CPU
		{B595BA2F-A930-4C81-8597-63A5205040E2}.Release|Any CPU.ActiveCfg = Release|Any CPU
		{B595BA2F-A930-4C81-8597-63A5205040E2}.Release|Any CPU.Build.0 = Release|Any CPU
	EndGlobalSection
	GlobalSection(SolutionProperties) = preSolution
		HideSolutionNode = FALSE
	EndGlobalSection
	GlobalSection(ExtensibilityGlobals) = postSolution
		SolutionGuid = {0F389F13-59A4-47E8-812A-4FD48622D634}
	EndGlobalSection
EndGlobal
